
Microsoft Visual Studio Solution File, Format Version 12.00
# Visual Studio 15
VisualStudioVersion = 15.0.27428.2015
MinimumVisualStudioVersion = 10.0.40219.1
Project("{FAE04EC0-301F-11D3-BF4B-00C04F79EFBC}") = "apiferreteria", "apiferreteria\apiferreteria.csproj", "{0F480637-518C-40CB-8013-D1E73A392441}"
EndProject
Global
	GlobalSection(SolutionConfigurationPlatforms) = preSolution
		Debug|Any CPU = Debug|Any CPU
		Release|Any CPU = Release|Any CPU
	EndGlobalSection
	GlobalSection(ProjectConfigurationPlatforms) = postSolution
		{0F480637-518C-40CB-8013-D1E73A392441}.Debug|Any CPU.ActiveCfg = Debug|Any CPU
		{0F480637-518C-40CB-8013-D1E73A392441}.Debug|Any CPU.Build.0 = Debug|Any CPU
		{0F480637-518C-40CB-8013-D1E73A392441}.Release|Any CPU.ActiveCfg = Release|Any CPU
		{0F480637-518C-40CB-8013-D1E73A392441}.Release|Any CPU.Build.0 = Release|Any CPU
	EndGlobalSection
	GlobalSection(SolutionProperties) = preSolution
		HideSolutionNode = FALSE
	EndGlobalSection
	GlobalSection(ExtensibilityGlobals) = postSolution
		SolutionGuid = {7E5FC99D-8247-4074-93EF-249EE18C53B7}
	EndGlobalSection
EndGlobal
